// !$*UTF8*$!
{
	archiveVersion = 1;
	classes = {
	};
	objectVersion = 56;
	objects = {

/* Begin PBXBuildFile section */
		3B5636A829A902FD008ABA7E /* Tracker.swift in Sources */ = {isa = PBXBuildFile; fileRef = 3B5636A729A902FD008ABA7E /* Tracker.swift */; };
		3B5636AA29A92A93008ABA7E /* FirebaseCrashlytics in Frameworks */ = {isa = PBXBuildFile; productRef = 3B5636A929A92A93008ABA7E /* FirebaseCrashlytics */; };
		3B5636AD29A93678008ABA7E /* FirebaseRemoteConfig in Frameworks */ = {isa = PBXBuildFile; productRef = 3B5636AC29A93678008ABA7E /* FirebaseRemoteConfig */; };
		3B5636AF29A93678008ABA7E /* FirebaseRemoteConfigSwift in Frameworks */ = {isa = PBXBuildFile; productRef = 3B5636AE29A93678008ABA7E /* FirebaseRemoteConfigSwift */; };
		3B5636B129A93849008ABA7E /* RemoteConfiguration.swift in Sources */ = {isa = PBXBuildFile; fileRef = 3B5636B029A93849008ABA7E /* RemoteConfiguration.swift */; };
		3B5636B329A985A1008ABA7E /* FirebaseMessaging in Frameworks */ = {isa = PBXBuildFile; productRef = 3B5636B229A985A1008ABA7E /* FirebaseMessaging */; };
		3B6D90B029A7AEE8007306BA /* ProfileView.swift in Sources */ = {isa = PBXBuildFile; fileRef = 3B6D90AF29A7AEE8007306BA /* ProfileView.swift */; };
		3B6D90B329A7B600007306BA /* LinkedAccounts.swift in Sources */ = {isa = PBXBuildFile; fileRef = 3B6D90B229A7B600007306BA /* LinkedAccounts.swift */; };
		3B6D90B529A7B65F007306BA /* User.swift in Sources */ = {isa = PBXBuildFile; fileRef = 3B6D90B429A7B65F007306BA /* User.swift */; };
		3B6D90B729A7EFC2007306BA /* FirebaseFirestore in Frameworks */ = {isa = PBXBuildFile; productRef = 3B6D90B629A7EFC2007306BA /* FirebaseFirestore */; };
		3B6D90B929A7EFC2007306BA /* FirebaseFirestoreSwift in Frameworks */ = {isa = PBXBuildFile; productRef = 3B6D90B829A7EFC2007306BA /* FirebaseFirestoreSwift */; };
		3B6D90BC29A7F09B007306BA /* LinkViewModel.swift in Sources */ = {isa = PBXBuildFile; fileRef = 3B6D90BB29A7F09B007306BA /* LinkViewModel.swift */; };
		3B6D90BF29A7F0B7007306BA /* LinkRepository.swift in Sources */ = {isa = PBXBuildFile; fileRef = 3B6D90BE29A7F0B7007306BA /* LinkRepository.swift */; };
		3B6D90C129A7F0C5007306BA /* LinkDataSource.swift in Sources */ = {isa = PBXBuildFile; fileRef = 3B6D90C029A7F0C5007306BA /* LinkDataSource.swift */; };
		3B6D90C429A84D81007306BA /* LinkView.swift in Sources */ = {isa = PBXBuildFile; fileRef = 3B6D90C329A84D81007306BA /* LinkView.swift */; };
		3B6D90C629A8582A007306BA /* MetadataDataSource.swift in Sources */ = {isa = PBXBuildFile; fileRef = 3B6D90C529A8582A007306BA /* MetadataDataSource.swift */; };
		3BA751D529A521B2000D9B49 /* SaveLinkApp.swift in Sources */ = {isa = PBXBuildFile; fileRef = 3BA751D429A521B2000D9B49 /* SaveLinkApp.swift */; };
		3BA751D729A521B2000D9B49 /* AuthenticationView.swift in Sources */ = {isa = PBXBuildFile; fileRef = 3BA751D629A521B2000D9B49 /* AuthenticationView.swift */; };
		3BA751D929A521B4000D9B49 /* Assets.xcassets in Resources */ = {isa = PBXBuildFile; fileRef = 3BA751D829A521B4000D9B49 /* Assets.xcassets */; };
		3BA751DC29A521B4000D9B49 /* Preview Assets.xcassets in Resources */ = {isa = PBXBuildFile; fileRef = 3BA751DB29A521B4000D9B49 /* Preview Assets.xcassets */; };
		3BA751E429A52324000D9B49 /* FirebaseAnalytics in Frameworks */ = {isa = PBXBuildFile; productRef = 3BA751E329A52324000D9B49 /* FirebaseAnalytics */; };
		3BA751E629A52324000D9B49 /* FirebaseAnalyticsSwift in Frameworks */ = {isa = PBXBuildFile; productRef = 3BA751E529A52324000D9B49 /* FirebaseAnalyticsSwift */; };
		3BA751E829A5244C000D9B49 /* GoogleService-Info.plist in Resources */ = {isa = PBXBuildFile; fileRef = 3BA751E729A5244B000D9B49 /* GoogleService-Info.plist */; };
		3BA751EA29A52DD1000D9B49 /* LoginEmailView.swift in Sources */ = {isa = PBXBuildFile; fileRef = 3BA751E929A52DD1000D9B49 /* LoginEmailView.swift */; };
		3BA751EC29A53987000D9B49 /* RegisterEmailView.swift in Sources */ = {isa = PBXBuildFile; fileRef = 3BA751EB29A53987000D9B49 /* RegisterEmailView.swift */; };
		3BA751EE29A53A68000D9B49 /* DismissView.swift in Sources */ = {isa = PBXBuildFile; fileRef = 3BA751ED29A53A68000D9B49 /* DismissView.swift */; };
		3BA751F129A54163000D9B49 /* FirebaseAuth in Frameworks */ = {isa = PBXBuildFile; productRef = 3BA751F029A54163000D9B49 /* FirebaseAuth */; };
		3BA751F429A542C1000D9B49 /* AuthenticationFirebaseDatasourece.swift in Sources */ = {isa = PBXBuildFile; fileRef = 3BA751F329A542C1000D9B49 /* AuthenticationFirebaseDatasourece.swift */; };
		3BA751F629A544FF000D9B49 /* AuthenticationRepository.swift in Sources */ = {isa = PBXBuildFile; fileRef = 3BA751F529A544FF000D9B49 /* AuthenticationRepository.swift */; };
		3BA751F829A5462D000D9B49 /* AuthenticationViewModel.swift in Sources */ = {isa = PBXBuildFile; fileRef = 3BA751F729A5462D000D9B49 /* AuthenticationViewModel.swift */; };
		3BA751FA29A5E922000D9B49 /* HomeView.swift in Sources */ = {isa = PBXBuildFile; fileRef = 3BA751F929A5E922000D9B49 /* HomeView.swift */; };
		3BA7520029A5FA45000D9B49 /* FacebookLogin in Frameworks */ = {isa = PBXBuildFile; productRef = 3BA751FF29A5FA45000D9B49 /* FacebookLogin */; };
		3BA7520529A6030E000D9B49 /* FacebookAuthentication.swift in Sources */ = {isa = PBXBuildFile; fileRef = 3BA7520429A6030E000D9B49 /* FacebookAuthentication.swift */; };
/* End PBXBuildFile section */

/* Begin PBXFileReference section */
		3B5636A729A902FD008ABA7E /* Tracker.swift */ = {isa = PBXFileReference; lastKnownFileType = sourcecode.swift; path = Tracker.swift; sourceTree = "<group>"; };
		3B5636B029A93849008ABA7E /* RemoteConfiguration.swift */ = {isa = PBXFileReference; lastKnownFileType = sourcecode.swift; path = RemoteConfiguration.swift; sourceTree = "<group>"; };
		3B6D90AF29A7AEE8007306BA /* ProfileView.swift */ = {isa = PBXFileReference; lastKnownFileType = sourcecode.swift; path = ProfileView.swift; sourceTree = "<group>"; };
		3B6D90B229A7B600007306BA /* LinkedAccounts.swift */ = {isa = PBXFileReference; lastKnownFileType = sourcecode.swift; path = LinkedAccounts.swift; sourceTree = "<group>"; };
		3B6D90B429A7B65F007306BA /* User.swift */ = {isa = PBXFileReference; lastKnownFileType = sourcecode.swift; path = User.swift; sourceTree = "<group>"; };
		3B6D90BB29A7F09B007306BA /* LinkViewModel.swift */ = {isa = PBXFileReference; lastKnownFileType = sourcecode.swift; path = LinkViewModel.swift; sourceTree = "<group>"; };
		3B6D90BE29A7F0B7007306BA /* LinkRepository.swift */ = {isa = PBXFileReference; lastKnownFileType = sourcecode.swift; path = LinkRepository.swift; sourceTree = "<group>"; };
		3B6D90C029A7F0C5007306BA /* LinkDataSource.swift */ = {isa = PBXFileReference; lastKnownFileType = sourcecode.swift; path = LinkDataSource.swift; sourceTree = "<group>"; };
		3B6D90C329A84D81007306BA /* LinkView.swift */ = {isa = PBXFileReference; lastKnownFileType = sourcecode.swift; path = LinkView.swift; sourceTree = "<group>"; };
		3B6D90C529A8582A007306BA /* MetadataDataSource.swift */ = {isa = PBXFileReference; lastKnownFileType = sourcecode.swift; path = MetadataDataSource.swift; sourceTree = "<group>"; };
		3BA751D129A521B2000D9B49 /* SaveLink.app */ = {isa = PBXFileReference; explicitFileType = wrapper.application; includeInIndex = 0; path = SaveLink.app; sourceTree = BUILT_PRODUCTS_DIR; };
		3BA751D429A521B2000D9B49 /* SaveLinkApp.swift */ = {isa = PBXFileReference; lastKnownFileType = sourcecode.swift; path = SaveLinkApp.swift; sourceTree = "<group>"; };
		3BA751D629A521B2000D9B49 /* AuthenticationView.swift */ = {isa = PBXFileReference; lastKnownFileType = sourcecode.swift; path = AuthenticationView.swift; sourceTree = "<group>"; };
		3BA751D829A521B4000D9B49 /* Assets.xcassets */ = {isa = PBXFileReference; lastKnownFileType = folder.assetcatalog; path = Assets.xcassets; sourceTree = "<group>"; };
		3BA751DB29A521B4000D9B49 /* Preview Assets.xcassets */ = {isa = PBXFileReference; lastKnownFileType = folder.assetcatalog; path = "Preview Assets.xcassets"; sourceTree = "<group>"; };
		3BA751E729A5244B000D9B49 /* GoogleService-Info.plist */ = {isa = PBXFileReference; fileEncoding = 4; lastKnownFileType = text.plist.xml; path = "GoogleService-Info.plist"; sourceTree = "<group>"; };
		3BA751E929A52DD1000D9B49 /* LoginEmailView.swift */ = {isa = PBXFileReference; lastKnownFileType = sourcecode.swift; path = LoginEmailView.swift; sourceTree = "<group>"; };
		3BA751EB29A53987000D9B49 /* RegisterEmailView.swift */ = {isa = PBXFileReference; lastKnownFileType = sourcecode.swift; path = RegisterEmailView.swift; sourceTree = "<group>"; };
		3BA751ED29A53A68000D9B49 /* DismissView.swift */ = {isa = PBXFileReference; lastKnownFileType = sourcecode.swift; path = DismissView.swift; sourceTree = "<group>"; };
		3BA751F329A542C1000D9B49 /* AuthenticationFirebaseDatasourece.swift */ = {isa = PBXFileReference; lastKnownFileType = sourcecode.swift; path = AuthenticationFirebaseDatasourece.swift; sourceTree = "<group>"; };
		3BA751F529A544FF000D9B49 /* AuthenticationRepository.swift */ = {isa = PBXFileReference; lastKnownFileType = sourcecode.swift; path = AuthenticationRepository.swift; sourceTree = "<group>"; };
		3BA751F729A5462D000D9B49 /* AuthenticationViewModel.swift */ = {isa = PBXFileReference; lastKnownFileType = sourcecode.swift; path = AuthenticationViewModel.swift; sourceTree = "<group>"; };
		3BA751F929A5E922000D9B49 /* HomeView.swift */ = {isa = PBXFileReference; lastKnownFileType = sourcecode.swift; path = HomeView.swift; sourceTree = "<group>"; };
		3BA7520129A5FAC4000D9B49 /* Info.plist */ = {isa = PBXFileReference; lastKnownFileType = text.plist; path = Info.plist; sourceTree = "<group>"; };
		3BA7520229A5FF03000D9B49 /* SaveLink.entitlements */ = {isa = PBXFileReference; lastKnownFileType = text.plist.entitlements; path = SaveLink.entitlements; sourceTree = "<group>"; };
		3BA7520429A6030E000D9B49 /* FacebookAuthentication.swift */ = {isa = PBXFileReference; lastKnownFileType = sourcecode.swift; path = FacebookAuthentication.swift; sourceTree = "<group>"; };
/* End PBXFileReference section */

/* Begin PBXFrameworksBuildPhase section */
		3BA751CE29A521B2000D9B49 /* Frameworks */ = {
			isa = PBXFrameworksBuildPhase;
			buildActionMask = 2147483647;
			files = (
				3BA7520029A5FA45000D9B49 /* FacebookLogin in Frameworks */,
				3BA751E629A52324000D9B49 /* FirebaseAnalyticsSwift in Frameworks */,
				3B5636B329A985A1008ABA7E /* FirebaseMessaging in Frameworks */,
				3BA751F129A54163000D9B49 /* FirebaseAuth in Frameworks */,
				3B5636AF29A93678008ABA7E /* FirebaseRemoteConfigSwift in Frameworks */,
				3B5636AA29A92A93008ABA7E /* FirebaseCrashlytics in Frameworks */,
				3B6D90B729A7EFC2007306BA /* FirebaseFirestore in Frameworks */,
				3BA751E429A52324000D9B49 /* FirebaseAnalytics in Frameworks */,
				3B6D90B929A7EFC2007306BA /* FirebaseFirestoreSwift in Frameworks */,
				3B5636AD29A93678008ABA7E /* FirebaseRemoteConfig in Frameworks */,
			);
			runOnlyForDeploymentPostprocessing = 0;
		};
/* End PBXFrameworksBuildPhase section */

/* Begin PBXGroup section */
		3B6D90B129A7B5D7007306BA /* Model */ = {
			isa = PBXGroup;
			children = (
				3B6D90B229A7B600007306BA /* LinkedAccounts.swift */,
				3B6D90B429A7B65F007306BA /* User.swift */,
			);
			path = Model;
			sourceTree = "<group>";
		};
		3B6D90BA29A7F06A007306BA /* Links */ = {
			isa = PBXGroup;
			children = (
				3BA751F929A5E922000D9B49 /* HomeView.swift */,
				3B6D90C329A84D81007306BA /* LinkView.swift */,
				3B6D90C229A7F0CD007306BA /* ViewModel */,
				3B6D90BD29A7F0A7007306BA /* Repository */,
			);
			path = Links;
			sourceTree = "<group>";
		};
		3B6D90BD29A7F0A7007306BA /* Repository */ = {
			isa = PBXGroup;
			children = (
				3B6D90BE29A7F0B7007306BA /* LinkRepository.swift */,
				3B6D90C029A7F0C5007306BA /* LinkDataSource.swift */,
				3B6D90C529A8582A007306BA /* MetadataDataSource.swift */,
				3B5636A729A902FD008ABA7E /* Tracker.swift */,
				3B5636B029A93849008ABA7E /* RemoteConfiguration.swift */,
			);
			path = Repository;
			sourceTree = "<group>";
		};
		3B6D90C229A7F0CD007306BA /* ViewModel */ = {
			isa = PBXGroup;
			children = (
				3B6D90BB29A7F09B007306BA /* LinkViewModel.swift */,
			);
			path = ViewModel;
			sourceTree = "<group>";
		};
		3BA751C829A521B2000D9B49 = {
			isa = PBXGroup;
			children = (
				3BA751D329A521B2000D9B49 /* SaveLink */,
				3BA751D229A521B2000D9B49 /* Products */,
				3BA751EF29A54163000D9B49 /* Frameworks */,
			);
			sourceTree = "<group>";
		};
		3BA751D229A521B2000D9B49 /* Products */ = {
			isa = PBXGroup;
			children = (
				3BA751D129A521B2000D9B49 /* SaveLink.app */,
			);
			name = Products;
			sourceTree = "<group>";
		};
		3BA751D329A521B2000D9B49 /* SaveLink */ = {
			isa = PBXGroup;
			children = (
				3BA7520229A5FF03000D9B49 /* SaveLink.entitlements */,
				3BA7520129A5FAC4000D9B49 /* Info.plist */,
				3BA751D429A521B2000D9B49 /* SaveLinkApp.swift */,
				3B6D90BA29A7F06A007306BA /* Links */,
				3BA751FD29A5F4AB000D9B49 /* Authentication */,
				3BA751E729A5244B000D9B49 /* GoogleService-Info.plist */,
				3BA751D829A521B4000D9B49 /* Assets.xcassets */,
				3BA751DA29A521B4000D9B49 /* Preview Content */,
			);
			path = SaveLink;
			sourceTree = "<group>";
		};
		3BA751DA29A521B4000D9B49 /* Preview Content */ = {
			isa = PBXGroup;
			children = (
				3BA751DB29A521B4000D9B49 /* Preview Assets.xcassets */,
			);
			path = "Preview Content";
			sourceTree = "<group>";
		};
		3BA751EF29A54163000D9B49 /* Frameworks */ = {
			isa = PBXGroup;
			children = (
			);
			name = Frameworks;
			sourceTree = "<group>";
		};
		3BA751F229A54192000D9B49 /* AuthenticationViews */ = {
			isa = PBXGroup;
			children = (
				3BA751D629A521B2000D9B49 /* AuthenticationView.swift */,
				3BA751E929A52DD1000D9B49 /* LoginEmailView.swift */,
				3BA751EB29A53987000D9B49 /* RegisterEmailView.swift */,
				3BA751ED29A53A68000D9B49 /* DismissView.swift */,
				3B6D90AF29A7AEE8007306BA /* ProfileView.swift */,
			);
			path = AuthenticationViews;
			sourceTree = "<group>";
		};
		3BA751FB29A5F471000D9B49 /* Repository */ = {
			isa = PBXGroup;
			children = (
				3BA7520329A602DB000D9B49 /* FacebookAuthentication */,
				3BA751F329A542C1000D9B49 /* AuthenticationFirebaseDatasourece.swift */,
				3BA751F529A544FF000D9B49 /* AuthenticationRepository.swift */,
				3B6D90B129A7B5D7007306BA /* Model */,
			);
			path = Repository;
			sourceTree = "<group>";
		};
		3BA751FC29A5F480000D9B49 /* ViewModel */ = {
			isa = PBXGroup;
			children = (
				3BA751F729A5462D000D9B49 /* AuthenticationViewModel.swift */,
			);
			path = ViewModel;
			sourceTree = "<group>";
		};
		3BA751FD29A5F4AB000D9B49 /* Authentication */ = {
			isa = PBXGroup;
			children = (
				3BA751F229A54192000D9B49 /* AuthenticationViews */,
				3BA751FC29A5F480000D9B49 /* ViewModel */,
				3BA751FB29A5F471000D9B49 /* Repository */,
			);
			path = Authentication;
			sourceTree = "<group>";
		};
		3BA7520329A602DB000D9B49 /* FacebookAuthentication */ = {
			isa = PBXGroup;
			children = (
				3BA7520429A6030E000D9B49 /* FacebookAuthentication.swift */,
			);
			path = FacebookAuthentication;
			sourceTree = "<group>";
		};
/* End PBXGroup section */

/* Begin PBXNativeTarget section */
		3BA751D029A521B2000D9B49 /* SaveLink */ = {
			isa = PBXNativeTarget;
			buildConfigurationList = 3BA751DF29A521B4000D9B49 /* Build configuration list for PBXNativeTarget "SaveLink" */;
			buildPhases = (
				3BA751CD29A521B2000D9B49 /* Sources */,
				3BA751CE29A521B2000D9B49 /* Frameworks */,
				3BA751CF29A521B2000D9B49 /* Resources */,
				3B5636AB29A92CF7008ABA7E /* Crashlytics */,
			);
			buildRules = (
			);
			dependencies = (
			);
			name = SaveLink;
			packageProductDependencies = (
				3BA751E329A52324000D9B49 /* FirebaseAnalytics */,
				3BA751E529A52324000D9B49 /* FirebaseAnalyticsSwift */,
				3BA751F029A54163000D9B49 /* FirebaseAuth */,
				3BA751FF29A5FA45000D9B49 /* FacebookLogin */,
				3B6D90B629A7EFC2007306BA /* FirebaseFirestore */,
				3B6D90B829A7EFC2007306BA /* FirebaseFirestoreSwift */,
				3B5636A929A92A93008ABA7E /* FirebaseCrashlytics */,
				3B5636AC29A93678008ABA7E /* FirebaseRemoteConfig */,
				3B5636AE29A93678008ABA7E /* FirebaseRemoteConfigSwift */,
				3B5636B229A985A1008ABA7E /* FirebaseMessaging */,
			);
			productName = SaveLink;
			productReference = 3BA751D129A521B2000D9B49 /* SaveLink.app */;
			productType = "com.apple.product-type.application";
		};
/* End PBXNativeTarget section */

/* Begin PBXProject section */
		3BA751C929A521B2000D9B49 /* Project object */ = {
			isa = PBXProject;
			attributes = {
				BuildIndependentTargetsInParallel = 1;
				LastSwiftUpdateCheck = 1410;
				LastUpgradeCheck = 1410;
				TargetAttributes = {
					3BA751D029A521B2000D9B49 = {
						CreatedOnToolsVersion = 14.1;
					};
				};
			};
			buildConfigurationList = 3BA751CC29A521B2000D9B49 /* Build configuration list for PBXProject "SaveLink" */;
			compatibilityVersion = "Xcode 14.0";
			developmentRegion = en;
			hasScannedForEncodings = 0;
			knownRegions = (
				en,
				Base,
			);
			mainGroup = 3BA751C829A521B2000D9B49;
			packageReferences = (
				3BA751E229A52324000D9B49 /* XCRemoteSwiftPackageReference "firebase-ios-sdk" */,
				3BA751FE29A5FA44000D9B49 /* XCRemoteSwiftPackageReference "facebook-ios-sdk" */,
			);
			productRefGroup = 3BA751D229A521B2000D9B49 /* Products */;
			projectDirPath = "";
			projectRoot = "";
			targets = (
				3BA751D029A521B2000D9B49 /* SaveLink */,
			);
		};
/* End PBXProject section */

/* Begin PBXResourcesBuildPhase section */
		3BA751CF29A521B2000D9B49 /* Resources */ = {
			isa = PBXResourcesBuildPhase;
			buildActionMask = 2147483647;
			files = (
				3BA751DC29A521B4000D9B49 /* Preview Assets.xcassets in Resources */,
				3BA751D929A521B4000D9B49 /* Assets.xcassets in Resources */,
				3BA751E829A5244C000D9B49 /* GoogleService-Info.plist in Resources */,
			);
			runOnlyForDeploymentPostprocessing = 0;
		};
/* End PBXResourcesBuildPhase section */

/* Begin PBXShellScriptBuildPhase section */
		3B5636AB29A92CF7008ABA7E /* Crashlytics */ = {
			isa = PBXShellScriptBuildPhase;
			buildActionMask = 2147483647;
			files = (
			);
			inputFileListPaths = (
			);
			inputPaths = (
				"${DWARF_DSYM_FOLDER_PATH}/${DWARF_DSYM_FILE_NAME}/Contents/Resources/DWARF/${TARGET_NAME}",
				"$(SRCROOT)/${BUILD_PRODUCTS_DIR}/$(INFOPLIST_PATH)",
			);
			name = Crashlytics;
			outputFileListPaths = (
			);
			outputPaths = (
			);
			runOnlyForDeploymentPostprocessing = 0;
			shellPath = /bin/sh;
			shellScript = "${BUILD_DIR%Build/*}SourcePackages/checkouts/firebase-ios-sdk/Crashlytics/run -gsp ${PROJECT_DIR}/SaveLink/GoogleService-Info.plist;\n";
		};
/* End PBXShellScriptBuildPhase section */

/* Begin PBXSourcesBuildPhase section */
		3BA751CD29A521B2000D9B49 /* Sources */ = {
			isa = PBXSourcesBuildPhase;
			buildActionMask = 2147483647;
			files = (
				3B6D90B529A7B65F007306BA /* User.swift in Sources */,
				3BA751FA29A5E922000D9B49 /* HomeView.swift in Sources */,
				3B5636A829A902FD008ABA7E /* Tracker.swift in Sources */,
				3B6D90BF29A7F0B7007306BA /* LinkRepository.swift in Sources */,
				3B5636B129A93849008ABA7E /* RemoteConfiguration.swift in Sources */,
				3BA751D729A521B2000D9B49 /* AuthenticationView.swift in Sources */,
				3BA751EE29A53A68000D9B49 /* DismissView.swift in Sources */,
				3BA7520529A6030E000D9B49 /* FacebookAuthentication.swift in Sources */,
				3BA751EA29A52DD1000D9B49 /* LoginEmailView.swift in Sources */,
				3B6D90C629A8582A007306BA /* MetadataDataSource.swift in Sources */,
				3BA751F429A542C1000D9B49 /* AuthenticationFirebaseDatasourece.swift in Sources */,
				3B6D90C129A7F0C5007306BA /* LinkDataSource.swift in Sources */,
				3BA751F829A5462D000D9B49 /* AuthenticationViewModel.swift in Sources */,
				3B6D90BC29A7F09B007306BA /* LinkViewModel.swift in Sources */,
				3BA751EC29A53987000D9B49 /* RegisterEmailView.swift in Sources */,
				3B6D90C429A84D81007306BA /* LinkView.swift in Sources */,
				3BA751D529A521B2000D9B49 /* SaveLinkApp.swift in Sources */,
				3B6D90B029A7AEE8007306BA /* ProfileView.swift in Sources */,
				3B6D90B329A7B600007306BA /* LinkedAccounts.swift in Sources */,
				3BA751F629A544FF000D9B49 /* AuthenticationRepository.swift in Sources */,
			);
			runOnlyForDeploymentPostprocessing = 0;
		};
/* End PBXSourcesBuildPhase section */

/* Begin XCBuildConfiguration section */
		3BA751DD29A521B4000D9B49 /* Debug */ = {
			isa = XCBuildConfiguration;
			buildSettings = {
				ALWAYS_SEARCH_USER_PATHS = NO;
				CLANG_ANALYZER_NONNULL = YES;
				CLANG_ANALYZER_NUMBER_OBJECT_CONVERSION = YES_AGGRESSIVE;
				CLANG_CXX_LANGUAGE_STANDARD = "gnu++20";
				CLANG_ENABLE_MODULES = YES;
				CLANG_ENABLE_OBJC_ARC = YES;
				CLANG_ENABLE_OBJC_WEAK = YES;
				CLANG_WARN_BLOCK_CAPTURE_AUTORELEASING = YES;
				CLANG_WARN_BOOL_CONVERSION = YES;
				CLANG_WARN_COMMA = YES;
				CLANG_WARN_CONSTANT_CONVERSION = YES;
				CLANG_WARN_DEPRECATED_OBJC_IMPLEMENTATIONS = YES;
				CLANG_WARN_DIRECT_OBJC_ISA_USAGE = YES_ERROR;
				CLANG_WARN_DOCUMENTATION_COMMENTS = YES;
				CLANG_WARN_EMPTY_BODY = YES;
				CLANG_WARN_ENUM_CONVERSION = YES;
				CLANG_WARN_INFINITE_RECURSION = YES;
				CLANG_WARN_INT_CONVERSION = YES;
				CLANG_WARN_NON_LITERAL_NULL_CONVERSION = YES;
				CLANG_WARN_OBJC_IMPLICIT_RETAIN_SELF = YES;
				CLANG_WARN_OBJC_LITERAL_CONVERSION = YES;
				CLANG_WARN_OBJC_ROOT_CLASS = YES_ERROR;
				CLANG_WARN_QUOTED_INCLUDE_IN_FRAMEWORK_HEADER = YES;
				CLANG_WARN_RANGE_LOOP_ANALYSIS = YES;
				CLANG_WARN_STRICT_PROTOTYPES = YES;
				CLANG_WARN_SUSPICIOUS_MOVE = YES;
				CLANG_WARN_UNGUARDED_AVAILABILITY = YES_AGGRESSIVE;
				CLANG_WARN_UNREACHABLE_CODE = YES;
				CLANG_WARN__DUPLICATE_METHOD_MATCH = YES;
				COPY_PHASE_STRIP = NO;
				DEBUG_INFORMATION_FORMAT = dwarf;
				ENABLE_STRICT_OBJC_MSGSEND = YES;
				ENABLE_TESTABILITY = YES;
				GCC_C_LANGUAGE_STANDARD = gnu11;
				GCC_DYNAMIC_NO_PIC = NO;
				GCC_NO_COMMON_BLOCKS = YES;
				GCC_OPTIMIZATION_LEVEL = 0;
				GCC_PREPROCESSOR_DEFINITIONS = (
					"DEBUG=1",
					"$(inherited)",
				);
				GCC_WARN_64_TO_32_BIT_CONVERSION = YES;
				GCC_WARN_ABOUT_RETURN_TYPE = YES_ERROR;
				GCC_WARN_UNDECLARED_SELECTOR = YES;
				GCC_WARN_UNINITIALIZED_AUTOS = YES_AGGRESSIVE;
				GCC_WARN_UNUSED_FUNCTION = YES;
				GCC_WARN_UNUSED_VARIABLE = YES;
				IPHONEOS_DEPLOYMENT_TARGET = 16.1;
				MTL_ENABLE_DEBUG_INFO = INCLUDE_SOURCE;
				MTL_FAST_MATH = YES;
				ONLY_ACTIVE_ARCH = YES;
				SDKROOT = iphoneos;
				SWIFT_ACTIVE_COMPILATION_CONDITIONS = DEBUG;
				SWIFT_OPTIMIZATION_LEVEL = "-Onone";
			};
			name = Debug;
		};
		3BA751DE29A521B4000D9B49 /* Release */ = {
			isa = XCBuildConfiguration;
			buildSettings = {
				ALWAYS_SEARCH_USER_PATHS = NO;
				CLANG_ANALYZER_NONNULL = YES;
				CLANG_ANALYZER_NUMBER_OBJECT_CONVERSION = YES_AGGRESSIVE;
				CLANG_CXX_LANGUAGE_STANDARD = "gnu++20";
				CLANG_ENABLE_MODULES = YES;
				CLANG_ENABLE_OBJC_ARC = YES;
				CLANG_ENABLE_OBJC_WEAK = YES;
				CLANG_WARN_BLOCK_CAPTURE_AUTORELEASING = YES;
				CLANG_WARN_BOOL_CONVERSION = YES;
				CLANG_WARN_COMMA = YES;
				CLANG_WARN_CONSTANT_CONVERSION = YES;
				CLANG_WARN_DEPRECATED_OBJC_IMPLEMENTATIONS = YES;
				CLANG_WARN_DIRECT_OBJC_ISA_USAGE = YES_ERROR;
				CLANG_WARN_DOCUMENTATION_COMMENTS = YES;
				CLANG_WARN_EMPTY_BODY = YES;
				CLANG_WARN_ENUM_CONVERSION = YES;
				CLANG_WARN_INFINITE_RECURSION = YES;
				CLANG_WARN_INT_CONVERSION = YES;
				CLANG_WARN_NON_LITERAL_NULL_CONVERSION = YES;
				CLANG_WARN_OBJC_IMPLICIT_RETAIN_SELF = YES;
				CLANG_WARN_OBJC_LITERAL_CONVERSION = YES;
				CLANG_WARN_OBJC_ROOT_CLASS = YES_ERROR;
				CLANG_WARN_QUOTED_INCLUDE_IN_FRAMEWORK_HEADER = YES;
				CLANG_WARN_RANGE_LOOP_ANALYSIS = YES;
				CLANG_WARN_STRICT_PROTOTYPES = YES;
				CLANG_WARN_SUSPICIOUS_MOVE = YES;
				CLANG_WARN_UNGUARDED_AVAILABILITY = YES_AGGRESSIVE;
				CLANG_WARN_UNREACHABLE_CODE = YES;
				CLANG_WARN__DUPLICATE_METHOD_MATCH = YES;
				COPY_PHASE_STRIP = NO;
				DEBUG_INFORMATION_FORMAT = "dwarf-with-dsym";
				ENABLE_NS_ASSERTIONS = NO;
				ENABLE_STRICT_OBJC_MSGSEND = YES;
				GCC_C_LANGUAGE_STANDARD = gnu11;
				GCC_NO_COMMON_BLOCKS = YES;
				GCC_WARN_64_TO_32_BIT_CONVERSION = YES;
				GCC_WARN_ABOUT_RETURN_TYPE = YES_ERROR;
				GCC_WARN_UNDECLARED_SELECTOR = YES;
				GCC_WARN_UNINITIALIZED_AUTOS = YES_AGGRESSIVE;
				GCC_WARN_UNUSED_FUNCTION = YES;
				GCC_WARN_UNUSED_VARIABLE = YES;
				IPHONEOS_DEPLOYMENT_TARGET = 16.1;
				MTL_ENABLE_DEBUG_INFO = NO;
				MTL_FAST_MATH = YES;
				SDKROOT = iphoneos;
				SWIFT_COMPILATION_MODE = wholemodule;
				SWIFT_OPTIMIZATION_LEVEL = "-O";
				VALIDATE_PRODUCT = YES;
			};
			name = Release;
		};
		3BA751E029A521B4000D9B49 /* Debug */ = {
			isa = XCBuildConfiguration;
			buildSettings = {
				ASSETCATALOG_COMPILER_APPICON_NAME = AppIcon;
				ASSETCATALOG_COMPILER_GLOBAL_ACCENT_COLOR_NAME = AccentColor;
				CODE_SIGN_ENTITLEMENTS = SaveLink/SaveLink.entitlements;
				CODE_SIGN_STYLE = Automatic;
				CURRENT_PROJECT_VERSION = 1;
				DEBUG_INFORMATION_FORMAT = "dwarf-with-dsym";
				DEVELOPMENT_ASSET_PATHS = "\"SaveLink/Preview Content\"";
				ENABLE_PREVIEWS = YES;
				GENERATE_INFOPLIST_FILE = YES;
				INFOPLIST_FILE = SaveLink/Info.plist;
				INFOPLIST_KEY_UIApplicationSceneManifest_Generation = YES;
				INFOPLIST_KEY_UIApplicationSupportsIndirectInputEvents = YES;
				INFOPLIST_KEY_UILaunchScreen_Generation = YES;
				INFOPLIST_KEY_UISupportedInterfaceOrientations_iPad = "UIInterfaceOrientationPortrait UIInterfaceOrientationPortraitUpsideDown UIInterfaceOrientationLandscapeLeft UIInterfaceOrientationLandscapeRight";
				INFOPLIST_KEY_UISupportedInterfaceOrientations_iPhone = "UIInterfaceOrientationPortrait UIInterfaceOrientationLandscapeLeft UIInterfaceOrientationLandscapeRight";
				LD_RUNPATH_SEARCH_PATHS = (
					"$(inherited)",
					"@executable_path/Frameworks",
				);
				MARKETING_VERSION = 1.0;
				PRODUCT_BUNDLE_IDENTIFIER = com.yeltsinbl.SaveLink;
				PRODUCT_NAME = "$(TARGET_NAME)";
				SWIFT_EMIT_LOC_STRINGS = YES;
				SWIFT_VERSION = 5.0;
				TARGETED_DEVICE_FAMILY = "1,2";
			};
			name = Debug;
		};
		3BA751E129A521B4000D9B49 /* Release */ = {
			isa = XCBuildConfiguration;
			buildSettings = {
				ASSETCATALOG_COMPILER_APPICON_NAME = AppIcon;
				ASSETCATALOG_COMPILER_GLOBAL_ACCENT_COLOR_NAME = AccentColor;
				CODE_SIGN_ENTITLEMENTS = SaveLink/SaveLink.entitlements;
				CODE_SIGN_STYLE = Automatic;
				CURRENT_PROJECT_VERSION = 1;
				DEVELOPMENT_ASSET_PATHS = "\"SaveLink/Preview Content\"";
				ENABLE_PREVIEWS = YES;
				GENERATE_INFOPLIST_FILE = YES;
				INFOPLIST_FILE = SaveLink/Info.plist;
				INFOPLIST_KEY_UIApplicationSceneManifest_Generation = YES;
				INFOPLIST_KEY_UIApplicationSupportsIndirectInputEvents = YES;
				INFOPLIST_KEY_UILaunchScreen_Generation = YES;
				INFOPLIST_KEY_UISupportedInterfaceOrientations_iPad = "UIInterfaceOrientationPortrait UIInterfaceOrientationPortraitUpsideDown UIInterfaceOrientationLandscapeLeft UIInterfaceOrientationLandscapeRight";
				INFOPLIST_KEY_UISupportedInterfaceOrientations_iPhone = "UIInterfaceOrientationPortrait UIInterfaceOrientationLandscapeLeft UIInterfaceOrientationLandscapeRight";
				LD_RUNPATH_SEARCH_PATHS = (
					"$(inherited)",
					"@executable_path/Frameworks",
				);
				MARKETING_VERSION = 1.0;
				PRODUCT_BUNDLE_IDENTIFIER = com.yeltsinbl.SaveLink;
				PRODUCT_NAME = "$(TARGET_NAME)";
				SWIFT_EMIT_LOC_STRINGS = YES;
				SWIFT_VERSION = 5.0;
				TARGETED_DEVICE_FAMILY = "1,2";
			};
			name = Release;
		};
/* End XCBuildConfiguration section */

/* Begin XCConfigurationList section */
		3BA751CC29A521B2000D9B49 /* Build configuration list for PBXProject "SaveLink" */ = {
			isa = XCConfigurationList;
			buildConfigurations = (
				3BA751DD29A521B4000D9B49 /* Debug */,
				3BA751DE29A521B4000D9B49 /* Release */,
			);
			defaultConfigurationIsVisible = 0;
			defaultConfigurationName = Release;
		};
		3BA751DF29A521B4000D9B49 /* Build configuration list for PBXNativeTarget "SaveLink" */ = {
			isa = XCConfigurationList;
			buildConfigurations = (
				3BA751E029A521B4000D9B49 /* Debug */,
				3BA751E129A521B4000D9B49 /* Release */,
			);
			defaultConfigurationIsVisible = 0;
			defaultConfigurationName = Release;
		};
/* End XCConfigurationList section */

/* Begin XCRemoteSwiftPackageReference section */
		3BA751E229A52324000D9B49 /* XCRemoteSwiftPackageReference "firebase-ios-sdk" */ = {
			isa = XCRemoteSwiftPackageReference;
			repositoryURL = "https://github.com/firebase/firebase-ios-sdk.git";
			requirement = {
				kind = upToNextMajorVersion;
				minimumVersion = 9.0.0;
			};
		};
		3BA751FE29A5FA44000D9B49 /* XCRemoteSwiftPackageReference "facebook-ios-sdk" */ = {
			isa = XCRemoteSwiftPackageReference;
			repositoryURL = "https://github.com/facebook/facebook-ios-sdk.git";
			requirement = {
				kind = upToNextMajorVersion;
				minimumVersion = 9.0.0;
			};
		};
/* End XCRemoteSwiftPackageReference section */

/* Begin XCSwiftPackageProductDependency section */
		3B5636A929A92A93008ABA7E /* FirebaseCrashlytics */ = {
			isa = XCSwiftPackageProductDependency;
			package = 3BA751E229A52324000D9B49 /* XCRemoteSwiftPackageReference "firebase-ios-sdk" */;
			productName = FirebaseCrashlytics;
		};
		3B5636AC29A93678008ABA7E /* FirebaseRemoteConfig */ = {
			isa = XCSwiftPackageProductDependency;
			package = 3BA751E229A52324000D9B49 /* XCRemoteSwiftPackageReference "firebase-ios-sdk" */;
			productName = FirebaseRemoteConfig;
		};
		3B5636AE29A93678008ABA7E /* FirebaseRemoteConfigSwift */ = {
			isa = XCSwiftPackageProductDependency;
			package = 3BA751E229A52324000D9B49 /* XCRemoteSwiftPackageReference "firebase-ios-sdk" */;
			productName = FirebaseRemoteConfigSwift;
		};
		3B5636B229A985A1008ABA7E /* FirebaseMessaging */ = {
			isa = XCSwiftPackageProductDependency;
			package = 3BA751E229A52324000D9B49 /* XCRemoteSwiftPackageReference "firebase-ios-sdk" */;
			productName = FirebaseMessaging;
		};
		3B6D90B629A7EFC2007306BA /* FirebaseFirestore */ = {
			isa = XCSwiftPackageProductDependency;
			package = 3BA751E229A52324000D9B49 /* XCRemoteSwiftPackageReference "firebase-ios-sdk" */;
			productName = FirebaseFirestore;
		};
		3B6D90B829A7EFC2007306BA /* FirebaseFirestoreSwift */ = {
			isa = XCSwiftPackageProductDependency;
			package = 3BA751E229A52324000D9B49 /* XCRemoteSwiftPackageReference "firebase-ios-sdk" */;
			productName = FirebaseFirestoreSwift;
		};
		3BA751E329A52324000D9B49 /* FirebaseAnalytics */ = {
			isa = XCSwiftPackageProductDependency;
			package = 3BA751E229A52324000D9B49 /* XCRemoteSwiftPackageReference "firebase-ios-sdk" */;
			productName = FirebaseAnalytics;
		};
		3BA751E529A52324000D9B49 /* FirebaseAnalyticsSwift */ = {
			isa = XCSwiftPackageProductDependency;
			package = 3BA751E229A52324000D9B49 /* XCRemoteSwiftPackageReference "firebase-ios-sdk" */;
			productName = FirebaseAnalyticsSwift;
		};
		3BA751F029A54163000D9B49 /* FirebaseAuth */ = {
			isa = XCSwiftPackageProductDependency;
			package = 3BA751E229A52324000D9B49 /* XCRemoteSwiftPackageReference "firebase-ios-sdk" */;
			productName = FirebaseAuth;
		};
		3BA751FF29A5FA45000D9B49 /* FacebookLogin */ = {
			isa = XCSwiftPackageProductDependency;
			package = 3BA751FE29A5FA44000D9B49 /* XCRemoteSwiftPackageReference "facebook-ios-sdk" */;
			productName = FacebookLogin;
		};
/* End XCSwiftPackageProductDependency section */
	};
	rootObject = 3BA751C929A521B2000D9B49 /* Project object */;
}
